// !$*UTF8*$!
{
	archiveVersion = 1;
	classes = {
	};
	objectVersion = 56;
	objects = {

/* Begin PBXBuildFile section */
		2A4136C02BC3962800309AA3 /* NIO in Frameworks */ = {isa = PBXBuildFile; productRef = 2A4136BF2BC3962800309AA3 /* NIO */; };
		2A4136C22BC3962800309AA3 /* NIOConcurrencyHelpers in Frameworks */ = {isa = PBXBuildFile; productRef = 2A4136C12BC3962800309AA3 /* NIOConcurrencyHelpers */; };
		2A4136C42BC3962800309AA3 /* NIOCore in Frameworks */ = {isa = PBXBuildFile; productRef = 2A4136C32BC3962800309AA3 /* NIOCore */; };
		2A4136C62BC3962800309AA3 /* NIOEmbedded in Frameworks */ = {isa = PBXBuildFile; productRef = 2A4136C52BC3962800309AA3 /* NIOEmbedded */; };
		2A4136C82BC3962800309AA3 /* NIOFoundationCompat in Frameworks */ = {isa = PBXBuildFile; productRef = 2A4136C72BC3962800309AA3 /* NIOFoundationCompat */; };
		2A4136CA2BC3962800309AA3 /* NIOHTTP1 in Frameworks */ = {isa = PBXBuildFile; productRef = 2A4136C92BC3962800309AA3 /* NIOHTTP1 */; };
		2A4136CC2BC3962800309AA3 /* NIOPosix in Frameworks */ = {isa = PBXBuildFile; productRef = 2A4136CB2BC3962800309AA3 /* NIOPosix */; };
		2A4136CE2BC3962800309AA3 /* NIOTLS in Frameworks */ = {isa = PBXBuildFile; productRef = 2A4136CD2BC3962800309AA3 /* NIOTLS */; };
		2A4136D02BC3962800309AA3 /* NIOTestUtils in Frameworks */ = {isa = PBXBuildFile; productRef = 2A4136CF2BC3962800309AA3 /* NIOTestUtils */; };
		2A4136D22BC3962800309AA3 /* NIOWebSocket in Frameworks */ = {isa = PBXBuildFile; productRef = 2A4136D12BC3962800309AA3 /* NIOWebSocket */; };
		2A4136D42BC3962800309AA3 /* _NIOConcurrency in Frameworks */ = {isa = PBXBuildFile; productRef = 2A4136D32BC3962800309AA3 /* _NIOConcurrency */; };
		2A4136D62BC3962800309AA3 /* _NIOFileSystem in Frameworks */ = {isa = PBXBuildFile; productRef = 2A4136D52BC3962800309AA3 /* _NIOFileSystem */; };
		2A4136D82BC3962800309AA3 /* _NIOFileSystemFoundationCompat in Frameworks */ = {isa = PBXBuildFile; productRef = 2A4136D72BC3962800309AA3 /* _NIOFileSystemFoundationCompat */; };
		2AA471162BB2245600806EDF /* SwiftNIOApp.swift in Sources */ = {isa = PBXBuildFile; fileRef = 2AA471152BB2245600806EDF /* SwiftNIOApp.swift */; };
		2AA471182BB2245600806EDF /* ContentView.swift in Sources */ = {isa = PBXBuildFile; fileRef = 2AA471172BB2245600806EDF /* ContentView.swift */; };
		2AA4711A2BB2245A00806EDF /* Assets.xcassets in Resources */ = {isa = PBXBuildFile; fileRef = 2AA471192BB2245A00806EDF /* Assets.xcassets */; };
		2AA4711E2BB2245A00806EDF /* Preview Assets.xcassets in Resources */ = {isa = PBXBuildFile; fileRef = 2AA4711D2BB2245A00806EDF /* Preview Assets.xcassets */; };
/* End PBXBuildFile section */

/* Begin PBXFileReference section */
		2AA471122BB2245600806EDF /* SwiftNIO.app */ = {isa = PBXFileReference; explicitFileType = wrapper.application; includeInIndex = 0; path = SwiftNIO.app; sourceTree = BUILT_PRODUCTS_DIR; };
		2AA471152BB2245600806EDF /* SwiftNIOApp.swift */ = {isa = PBXFileReference; lastKnownFileType = sourcecode.swift; path = SwiftNIOApp.swift; sourceTree = "<group>"; };
		2AA471172BB2245600806EDF /* ContentView.swift */ = {isa = PBXFileReference; lastKnownFileType = sourcecode.swift; path = ContentView.swift; sourceTree = "<group>"; };
		2AA471192BB2245A00806EDF /* Assets.xcassets */ = {isa = PBXFileReference; lastKnownFileType = folder.assetcatalog; path = Assets.xcassets; sourceTree = "<group>"; };
		2AA4711B2BB2245A00806EDF /* SwiftNIO.entitlements */ = {isa = PBXFileReference; lastKnownFileType = text.plist.entitlements; path = SwiftNIO.entitlements; sourceTree = "<group>"; };
		2AA4711D2BB2245A00806EDF /* Preview Assets.xcassets */ = {isa = PBXFileReference; lastKnownFileType = folder.assetcatalog; path = "Preview Assets.xcassets"; sourceTree = "<group>"; };
/* End PBXFileReference section */

/* Begin PBXFrameworksBuildPhase section */
		2AA4710F2BB2245600806EDF /* Frameworks */ = {
			isa = PBXFrameworksBuildPhase;
			buildActionMask = 2147483647;
			files = (
				2A4136C42BC3962800309AA3 /* NIOCore in Frameworks */,
				2A4136D82BC3962800309AA3 /* _NIOFileSystemFoundationCompat in Frameworks */,
				2A4136C82BC3962800309AA3 /* NIOFoundationCompat in Frameworks */,
				2A4136D42BC3962800309AA3 /* _NIOConcurrency in Frameworks */,
				2A4136D02BC3962800309AA3 /* NIOTestUtils in Frameworks */,
				2A4136D62BC3962800309AA3 /* _NIOFileSystem in Frameworks */,
				2A4136CC2BC3962800309AA3 /* NIOPosix in Frameworks */,
				2A4136C02BC3962800309AA3 /* NIO in Frameworks */,
				2A4136D22BC3962800309AA3 /* NIOWebSocket in Frameworks */,
				2A4136CA2BC3962800309AA3 /* NIOHTTP1 in Frameworks */,
				2A4136C22BC3962800309AA3 /* NIOConcurrencyHelpers in Frameworks */,
				2A4136C62BC3962800309AA3 /* NIOEmbedded in Frameworks */,
				2A4136CE2BC3962800309AA3 /* NIOTLS in Frameworks */,
			);
			runOnlyForDeploymentPostprocessing = 0;
		};
/* End PBXFrameworksBuildPhase section */

/* Begin PBXGroup section */
		2AA471092BB2245600806EDF = {
			isa = PBXGroup;
			children = (
				2AA471142BB2245600806EDF /* SwiftNIO */,
				2AA471132BB2245600806EDF /* Products */,
			);
			sourceTree = "<group>";
		};
		2AA471132BB2245600806EDF /* Products */ = {
			isa = PBXGroup;
			children = (
				2AA471122BB2245600806EDF /* SwiftNIO.app */,
			);
			name = Products;
			sourceTree = "<group>";
		};
		2AA471142BB2245600806EDF /* SwiftNIO */ = {
			isa = PBXGroup;
			children = (
				2AA471152BB2245600806EDF /* SwiftNIOApp.swift */,
				2AA471172BB2245600806EDF /* ContentView.swift */,
				2AA471192BB2245A00806EDF /* Assets.xcassets */,
				2AA4711B2BB2245A00806EDF /* SwiftNIO.entitlements */,
				2AA4711C2BB2245A00806EDF /* Preview Content */,
			);
			path = SwiftNIO;
			sourceTree = "<group>";
		};
		2AA4711C2BB2245A00806EDF /* Preview Content */ = {
			isa = PBXGroup;
			children = (
				2AA4711D2BB2245A00806EDF /* Preview Assets.xcassets */,
			);
			path = "Preview Content";
			sourceTree = "<group>";
		};
/* End PBXGroup section */

/* Begin PBXNativeTarget section */
		2AA471112BB2245600806EDF /* SwiftNIO */ = {
			isa = PBXNativeTarget;
			buildConfigurationList = 2AA471212BB2245A00806EDF /* Build configuration list for PBXNativeTarget "SwiftNIO" */;
			buildPhases = (
				2AA4710E2BB2245600806EDF /* Sources */,
				2AA4710F2BB2245600806EDF /* Frameworks */,
				2AA471102BB2245600806EDF /* Resources */,
			);
			buildRules = (
			);
			dependencies = (
			);
			name = SwiftNIO;
			packageProductDependencies = (
				2A4136BF2BC3962800309AA3 /* NIO */,
				2A4136C12BC3962800309AA3 /* NIOConcurrencyHelpers */,
				2A4136C32BC3962800309AA3 /* NIOCore */,
				2A4136C52BC3962800309AA3 /* NIOEmbedded */,
				2A4136C72BC3962800309AA3 /* NIOFoundationCompat */,
				2A4136C92BC3962800309AA3 /* NIOHTTP1 */,
				2A4136CB2BC3962800309AA3 /* NIOPosix */,
				2A4136CD2BC3962800309AA3 /* NIOTLS */,
				2A4136CF2BC3962800309AA3 /* NIOTestUtils */,
				2A4136D12BC3962800309AA3 /* NIOWebSocket */,
				2A4136D32BC3962800309AA3 /* _NIOConcurrency */,
				2A4136D52BC3962800309AA3 /* _NIOFileSystem */,
				2A4136D72BC3962800309AA3 /* _NIOFileSystemFoundationCompat */,
			);
			productName = SwiftNIO;
			productReference = 2AA471122BB2245600806EDF /* SwiftNIO.app */;
			productType = "com.apple.product-type.application";
		};
/* End PBXNativeTarget section */

/* Begin PBXProject section */
		2AA4710A2BB2245600806EDF /* Project object */ = {
			isa = PBXProject;
			attributes = {
				BuildIndependentTargetsInParallel = 1;
				LastSwiftUpdateCheck = 1520;
				LastUpgradeCheck = 1520;
				TargetAttributes = {
					2AA471112BB2245600806EDF = {
						CreatedOnToolsVersion = 15.2;
					};
				};
			};
			buildConfigurationList = 2AA4710D2BB2245600806EDF /* Build configuration list for PBXProject "SwiftNIO" */;
			compatibilityVersion = "Xcode 14.0";
			developmentRegion = en;
			hasScannedForEncodings = 0;
			knownRegions = (
				en,
				Base,
			);
			mainGroup = 2AA471092BB2245600806EDF;
			packageReferences = (
				2A4136BE2BC3962800309AA3 /* XCRemoteSwiftPackageReference "swift-nio" */,
			);
			productRefGroup = 2AA471132BB2245600806EDF /* Products */;
			projectDirPath = "";
			projectRoot = "";
			targets = (
				2AA471112BB2245600806EDF /* SwiftNIO */,
			);
		};
/* End PBXProject section */

/* Begin PBXResourcesBuildPhase section */
		2AA471102BB2245600806EDF /* Resources */ = {
			isa = PBXResourcesBuildPhase;
			buildActionMask = 2147483647;
			files = (
				2AA4711E2BB2245A00806EDF /* Preview Assets.xcassets in Resources */,
				2AA4711A2BB2245A00806EDF /* Assets.xcassets in Resources */,
			);
			runOnlyForDeploymentPostprocessing = 0;
		};
/* End PBXResourcesBuildPhase section */

/* Begin PBXSourcesBuildPhase section */
		2AA4710E2BB2245600806EDF /* Sources */ = {
			isa = PBXSourcesBuildPhase;
			buildActionMask = 2147483647;
			files = (
				2AA471182BB2245600806EDF /* ContentView.swift in Sources */,
				2AA471162BB2245600806EDF /* SwiftNIOApp.swift in Sources */,
			);
			runOnlyForDeploymentPostprocessing = 0;
		};
/* End PBXSourcesBuildPhase section */

/* Begin XCBuildConfiguration section */
		2AA4711F2BB2245A00806EDF /* Debug */ = {
			isa = XCBuildConfiguration;
			buildSettings = {
				ALWAYS_SEARCH_USER_PATHS = NO;
				ASSETCATALOG_COMPILER_GENERATE_SWIFT_ASSET_SYMBOL_EXTENSIONS = YES;
				CLANG_ANALYZER_NONNULL = YES;
				CLANG_ANALYZER_NUMBER_OBJECT_CONVERSION = YES_AGGRESSIVE;
				CLANG_CXX_LANGUAGE_STANDARD = "gnu++20";
				CLANG_ENABLE_MODULES = YES;
				CLANG_ENABLE_OBJC_ARC = YES;
				CLANG_ENABLE_OBJC_WEAK = YES;
				CLANG_WARN_BLOCK_CAPTURE_AUTORELEASING = YES;
				CLANG_WARN_BOOL_CONVERSION = YES;
				CLANG_WARN_COMMA = YES;
				CLANG_WARN_CONSTANT_CONVERSION = YES;
				CLANG_WARN_DEPRECATED_OBJC_IMPLEMENTATIONS = YES;
				CLANG_WARN_DIRECT_OBJC_ISA_USAGE = YES_ERROR;
				CLANG_WARN_DOCUMENTATION_COMMENTS = YES;
				CLANG_WARN_EMPTY_BODY = YES;
				CLANG_WARN_ENUM_CONVERSION = YES;
				CLANG_WARN_INFINITE_RECURSION = YES;
				CLANG_WARN_INT_CONVERSION = YES;
				CLANG_WARN_NON_LITERAL_NULL_CONVERSION = YES;
				CLANG_WARN_OBJC_IMPLICIT_RETAIN_SELF = YES;
				CLANG_WARN_OBJC_LITERAL_CONVERSION = YES;
				CLANG_WARN_OBJC_ROOT_CLASS = YES_ERROR;
				CLANG_WARN_QUOTED_INCLUDE_IN_FRAMEWORK_HEADER = YES;
				CLANG_WARN_RANGE_LOOP_ANALYSIS = YES;
				CLANG_WARN_STRICT_PROTOTYPES = YES;
				CLANG_WARN_SUSPICIOUS_MOVE = YES;
				CLANG_WARN_UNGUARDED_AVAILABILITY = YES_AGGRESSIVE;
				CLANG_WARN_UNREACHABLE_CODE = YES;
				CLANG_WARN__DUPLICATE_METHOD_MATCH = YES;
				COPY_PHASE_STRIP = NO;
				DEBUG_INFORMATION_FORMAT = dwarf;
				ENABLE_STRICT_OBJC_MSGSEND = YES;
				ENABLE_TESTABILITY = YES;
				ENABLE_USER_SCRIPT_SANDBOXING = YES;
				GCC_C_LANGUAGE_STANDARD = gnu17;
				GCC_DYNAMIC_NO_PIC = NO;
				GCC_NO_COMMON_BLOCKS = YES;
				GCC_OPTIMIZATION_LEVEL = 0;
				GCC_PREPROCESSOR_DEFINITIONS = (
					"DEBUG=1",
					"$(inherited)",
				);
				GCC_WARN_64_TO_32_BIT_CONVERSION = YES;
				GCC_WARN_ABOUT_RETURN_TYPE = YES_ERROR;
				GCC_WARN_UNDECLARED_SELECTOR = YES;
				GCC_WARN_UNINITIALIZED_AUTOS = YES_AGGRESSIVE;
				GCC_WARN_UNUSED_FUNCTION = YES;
				GCC_WARN_UNUSED_VARIABLE = YES;
				LOCALIZATION_PREFERS_STRING_CATALOGS = YES;
				MTL_ENABLE_DEBUG_INFO = INCLUDE_SOURCE;
				MTL_FAST_MATH = YES;
				ONLY_ACTIVE_ARCH = YES;
				SWIFT_ACTIVE_COMPILATION_CONDITIONS = "DEBUG $(inherited)";
				SWIFT_OPTIMIZATION_LEVEL = "-Onone";
			};
			name = Debug;
		};
		2AA471202BB2245A00806EDF /* Release */ = {
			isa = XCBuildConfiguration;
			buildSettings = {
				ALWAYS_SEARCH_USER_PATHS = NO;
				ASSETCATALOG_COMPILER_GENERATE_SWIFT_ASSET_SYMBOL_EXTENSIONS = YES;
				CLANG_ANALYZER_NONNULL = YES;
				CLANG_ANALYZER_NUMBER_OBJECT_CONVERSION = YES_AGGRESSIVE;
				CLANG_CXX_LANGUAGE_STANDARD = "gnu++20";
				CLANG_ENABLE_MODULES = YES;
				CLANG_ENABLE_OBJC_ARC = YES;
				CLANG_ENABLE_OBJC_WEAK = YES;
				CLANG_WARN_BLOCK_CAPTURE_AUTORELEASING = YES;
				CLANG_WARN_BOOL_CONVERSION = YES;
				CLANG_WARN_COMMA = YES;
				CLANG_WARN_CONSTANT_CONVERSION = YES;
				CLANG_WARN_DEPRECATED_OBJC_IMPLEMENTATIONS = YES;
				CLANG_WARN_DIRECT_OBJC_ISA_USAGE = YES_ERROR;
				CLANG_WARN_DOCUMENTATION_COMMENTS = YES;
				CLANG_WARN_EMPTY_BODY = YES;
				CLANG_WARN_ENUM_CONVERSION = YES;
				CLANG_WARN_INFINITE_RECURSION = YES;
				CLANG_WARN_INT_CONVERSION = YES;
				CLANG_WARN_NON_LITERAL_NULL_CONVERSION = YES;
				CLANG_WARN_OBJC_IMPLICIT_RETAIN_SELF = YES;
				CLANG_WARN_OBJC_LITERAL_CONVERSION = YES;
				CLANG_WARN_OBJC_ROOT_CLASS = YES_ERROR;
				CLANG_WARN_QUOTED_INCLUDE_IN_FRAMEWORK_HEADER = YES;
				CLANG_WARN_RANGE_LOOP_ANALYSIS = YES;
				CLANG_WARN_STRICT_PROTOTYPES = YES;
				CLANG_WARN_SUSPICIOUS_MOVE = YES;
				CLANG_WARN_UNGUARDED_AVAILABILITY = YES_AGGRESSIVE;
				CLANG_WARN_UNREACHABLE_CODE = YES;
				CLANG_WARN__DUPLICATE_METHOD_MATCH = YES;
				COPY_PHASE_STRIP = NO;
				DEBUG_INFORMATION_FORMAT = "dwarf-with-dsym";
				ENABLE_NS_ASSERTIONS = NO;
				ENABLE_STRICT_OBJC_MSGSEND = YES;
				ENABLE_USER_SCRIPT_SANDBOXING = YES;
				GCC_C_LANGUAGE_STANDARD = gnu17;
				GCC_NO_COMMON_BLOCKS = YES;
				GCC_WARN_64_TO_32_BIT_CONVERSION = YES;
				GCC_WARN_ABOUT_RETURN_TYPE = YES_ERROR;
				GCC_WARN_UNDECLARED_SELECTOR = YES;
				GCC_WARN_UNINITIALIZED_AUTOS = YES_AGGRESSIVE;
				GCC_WARN_UNUSED_FUNCTION = YES;
				GCC_WARN_UNUSED_VARIABLE = YES;
				LOCALIZATION_PREFERS_STRING_CATALOGS = YES;
				MTL_ENABLE_DEBUG_INFO = NO;
				MTL_FAST_MATH = YES;
				SWIFT_COMPILATION_MODE = wholemodule;
			};
			name = Release;
		};
		2AA471222BB2245A00806EDF /* Debug */ = {
			isa = XCBuildConfiguration;
			buildSettings = {
				ASSETCATALOG_COMPILER_APPICON_NAME = AppIcon;
				ASSETCATALOG_COMPILER_GLOBAL_ACCENT_COLOR_NAME = AccentColor;
				CODE_SIGN_ENTITLEMENTS = SwiftNIO/SwiftNIO.entitlements;
				CODE_SIGN_STYLE = Automatic;
				CURRENT_PROJECT_VERSION = 1;
				DEVELOPMENT_ASSET_PATHS = "\"SwiftNIO/Preview Content\"";
				ENABLE_PREVIEWS = YES;
				GENERATE_INFOPLIST_FILE = YES;
				"INFOPLIST_KEY_UIApplicationSceneManifest_Generation[sdk=iphoneos*]" = YES;
				"INFOPLIST_KEY_UIApplicationSceneManifest_Generation[sdk=iphonesimulator*]" = YES;
				"INFOPLIST_KEY_UIApplicationSupportsIndirectInputEvents[sdk=iphoneos*]" = YES;
				"INFOPLIST_KEY_UIApplicationSupportsIndirectInputEvents[sdk=iphonesimulator*]" = YES;
				"INFOPLIST_KEY_UILaunchScreen_Generation[sdk=iphoneos*]" = YES;
				"INFOPLIST_KEY_UILaunchScreen_Generation[sdk=iphonesimulator*]" = YES;
				"INFOPLIST_KEY_UIStatusBarStyle[sdk=iphoneos*]" = UIStatusBarStyleDefault;
				"INFOPLIST_KEY_UIStatusBarStyle[sdk=iphonesimulator*]" = UIStatusBarStyleDefault;
				INFOPLIST_KEY_UISupportedInterfaceOrientations_iPad = "UIInterfaceOrientationPortrait UIInterfaceOrientationPortraitUpsideDown UIInterfaceOrientationLandscapeLeft UIInterfaceOrientationLandscapeRight";
				INFOPLIST_KEY_UISupportedInterfaceOrientations_iPhone = "UIInterfaceOrientationPortrait UIInterfaceOrientationLandscapeLeft UIInterfaceOrientationLandscapeRight";
				IPHONEOS_DEPLOYMENT_TARGET = 17.2;
				LD_RUNPATH_SEARCH_PATHS = "@executable_path/Frameworks";
				"LD_RUNPATH_SEARCH_PATHS[sdk=macosx*]" = "@executable_path/../Frameworks";
				MACOSX_DEPLOYMENT_TARGET = 14.2;
				MARKETING_VERSION = 1.0;
				PRODUCT_BUNDLE_IDENTIFIER = Warren.SwiftNIO;
				PRODUCT_NAME = "$(TARGET_NAME)";
				SDKROOT = auto;
				SUPPORTED_PLATFORMS = "iphoneos iphonesimulator macosx";
				SWIFT_EMIT_LOC_STRINGS = YES;
				SWIFT_VERSION = 5.0;
				TARGETED_DEVICE_FAMILY = "1,2";
			};
			name = Debug;
		};
		2AA471232BB2245A00806EDF /* Release */ = {
			isa = XCBuildConfiguration;
			buildSettings = {
				ASSETCATALOG_COMPILER_APPICON_NAME = AppIcon;
				ASSETCATALOG_COMPILER_GLOBAL_ACCENT_COLOR_NAME = AccentColor;
				CODE_SIGN_ENTITLEMENTS = SwiftNIO/SwiftNIO.entitlements;
				CODE_SIGN_STYLE = Automatic;
				CURRENT_PROJECT_VERSION = 1;
				DEVELOPMENT_ASSET_PATHS = "\"SwiftNIO/Preview Content\"";
				ENABLE_PREVIEWS = YES;
				GENERATE_INFOPLIST_FILE = YES;
				"INFOPLIST_KEY_UIApplicationSceneManifest_Generation[sdk=iphoneos*]" = YES;
				"INFOPLIST_KEY_UIApplicationSceneManifest_Generation[sdk=iphonesimulator*]" = YES;
				"INFOPLIST_KEY_UIApplicationSupportsIndirectInputEvents[sdk=iphoneos*]" = YES;
				"INFOPLIST_KEY_UIApplicationSupportsIndirectInputEvents[sdk=iphonesimulator*]" = YES;
				"INFOPLIST_KEY_UILaunchScreen_Generation[sdk=iphoneos*]" = YES;
				"INFOPLIST_KEY_UILaunchScreen_Generation[sdk=iphonesimulator*]" = YES;
				"INFOPLIST_KEY_UIStatusBarStyle[sdk=iphoneos*]" = UIStatusBarStyleDefault;
				"INFOPLIST_KEY_UIStatusBarStyle[sdk=iphonesimulator*]" = UIStatusBarStyleDefault;
				INFOPLIST_KEY_UISupportedInterfaceOrientations_iPad = "UIInterfaceOrientationPortrait UIInterfaceOrientationPortraitUpsideDown UIInterfaceOrientationLandscapeLeft UIInterfaceOrientationLandscapeRight";
				INFOPLIST_KEY_UISupportedInterfaceOrientations_iPhone = "UIInterfaceOrientationPortrait UIInterfaceOrientationLandscapeLeft UIInterfaceOrientationLandscapeRight";
				IPHONEOS_DEPLOYMENT_TARGET = 17.2;
				LD_RUNPATH_SEARCH_PATHS = "@executable_path/Frameworks";
				"LD_RUNPATH_SEARCH_PATHS[sdk=macosx*]" = "@executable_path/../Frameworks";
				MACOSX_DEPLOYMENT_TARGET = 14.2;
				MARKETING_VERSION = 1.0;
				PRODUCT_BUNDLE_IDENTIFIER = Warren.SwiftNIO;
				PRODUCT_NAME = "$(TARGET_NAME)";
				SDKROOT = auto;
				SUPPORTED_PLATFORMS = "iphoneos iphonesimulator macosx";
				SWIFT_EMIT_LOC_STRINGS = YES;
				SWIFT_VERSION = 5.0;
				TARGETED_DEVICE_FAMILY = "1,2";
			};
			name = Release;
		};
/* End XCBuildConfiguration section */

/* Begin XCConfigurationList section */
		2AA4710D2BB2245600806EDF /* Build configuration list for PBXProject "SwiftNIO" */ = {
			isa = XCConfigurationList;
			buildConfigurations = (
				2AA4711F2BB2245A00806EDF /* Debug */,
				2AA471202BB2245A00806EDF /* Release */,
			);
			defaultConfigurationIsVisible = 0;
			defaultConfigurationName = Release;
		};
		2AA471212BB2245A00806EDF /* Build configuration list for PBXNativeTarget "SwiftNIO" */ = {
			isa = XCConfigurationList;
			buildConfigurations = (
				2AA471222BB2245A00806EDF /* Debug */,
				2AA471232BB2245A00806EDF /* Release */,
			);
			defaultConfigurationIsVisible = 0;
			defaultConfigurationName = Release;
		};
/* End XCConfigurationList section */

/* Begin XCRemoteSwiftPackageReference section */
		2A4136BE2BC3962800309AA3 /* XCRemoteSwiftPackageReference "swift-nio" */ = {
			isa = XCRemoteSwiftPackageReference;
			repositoryURL = "https://github.com/apple/swift-nio.git";
			requirement = {
				kind = upToNextMajorVersion;
				minimumVersion = 2.64.0;
			};
		};
/* End XCRemoteSwiftPackageReference section */

/* Begin XCSwiftPackageProductDependency section */
		2A4136BF2BC3962800309AA3 /* NIO */ = {
			isa = XCSwiftPackageProductDependency;
			package = 2A4136BE2BC3962800309AA3 /* XCRemoteSwiftPackageReference "swift-nio" */;
			productName = NIO;
		};
		2A4136C12BC3962800309AA3 /* NIOConcurrencyHelpers */ = {
			isa = XCSwiftPackageProductDependency;
			package = 2A4136BE2BC3962800309AA3 /* XCRemoteSwiftPackageReference "swift-nio" */;
			productName = NIOConcurrencyHelpers;
		};
		2A4136C32BC3962800309AA3 /* NIOCore */ = {
			isa = XCSwiftPackageProductDependency;
			package = 2A4136BE2BC3962800309AA3 /* XCRemoteSwiftPackageReference "swift-nio" */;
			productName = NIOCore;
		};
		2A4136C52BC3962800309AA3 /* NIOEmbedded */ = {
			isa = XCSwiftPackageProductDependency;
			package = 2A4136BE2BC3962800309AA3 /* XCRemoteSwiftPackageReference "swift-nio" */;
			productName = NIOEmbedded;
		};
		2A4136C72BC3962800309AA3 /* NIOFoundationCompat */ = {
			isa = XCSwiftPackageProductDependency;
			package = 2A4136BE2BC3962800309AA3 /* XCRemoteSwiftPackageReference "swift-nio" */;
			productName = NIOFoundationCompat;
		};
		2A4136C92BC3962800309AA3 /* NIOHTTP1 */ = {
			isa = XCSwiftPackageProductDependency;
			package = 2A4136BE2BC3962800309AA3 /* XCRemoteSwiftPackageReference "swift-nio" */;
			productName = NIOHTTP1;
		};
		2A4136CB2BC3962800309AA3 /* NIOPosix */ = {
			isa = XCSwiftPackageProductDependency;
			package = 2A4136BE2BC3962800309AA3 /* XCRemoteSwiftPackageReference "swift-nio" */;
			productName = NIOPosix;
		};
		2A4136CD2BC3962800309AA3 /* NIOTLS */ = {
			isa = XCSwiftPackageProductDependency;
			package = 2A4136BE2BC3962800309AA3 /* XCRemoteSwiftPackageReference "swift-nio" */;
			productName = NIOTLS;
		};
		2A4136CF2BC3962800309AA3 /* NIOTestUtils */ = {
			isa = XCSwiftPackageProductDependency;
			package = 2A4136BE2BC3962800309AA3 /* XCRemoteSwiftPackageReference "swift-nio" */;
			productName = NIOTestUtils;
		};
		2A4136D12BC3962800309AA3 /* NIOWebSocket */ = {
			isa = XCSwiftPackageProductDependency;
			package = 2A4136BE2BC3962800309AA3 /* XCRemoteSwiftPackageReference "swift-nio" */;
			productName = NIOWebSocket;
		};
		2A4136D32BC3962800309AA3 /* _NIOConcurrency */ = {
			isa = XCSwiftPackageProductDependency;
			package = 2A4136BE2BC3962800309AA3 /* XCRemoteSwiftPackageReference "swift-nio" */;
			productName = _NIOConcurrency;
		};
		2A4136D52BC3962800309AA3 /* _NIOFileSystem */ = {
			isa = XCSwiftPackageProductDependency;
			package = 2A4136BE2BC3962800309AA3 /* XCRemoteSwiftPackageReference "swift-nio" */;
			productName = _NIOFileSystem;
		};
		2A4136D72BC3962800309AA3 /* _NIOFileSystemFoundationCompat */ = {
			isa = XCSwiftPackageProductDependency;
			package = 2A4136BE2BC3962800309AA3 /* XCRemoteSwiftPackageReference "swift-nio" */;
			productName = _NIOFileSystemFoundationCompat;
		};
/* End XCSwiftPackageProductDependency section */
	};
	rootObject = 2AA4710A2BB2245600806EDF /* Project object */;
}
